
Microsoft Visual Studio Solution File, Format Version 12.00
# Visual Studio Version 16
VisualStudioVersion = 16.0.29306.81
MinimumVisualStudioVersion = 10.0.40219.1
Project("{FAE04EC0-301F-11D3-BF4B-00C04F79EFBC}") = "Shop", "Shop.csproj", "{0748C50C-F238-4F5E-936C-895F459FAD0A}"
EndProject
Global
	GlobalSection(SolutionConfigurationPlatforms) = preSolution
		Debug|Any CPU = Debug|Any CPU
		Release|Any CPU = Release|Any CPU
	EndGlobalSection
	GlobalSection(ProjectConfigurationPlatforms) = postSolution
		{0748C50C-F238-4F5E-936C-895F459FAD0A}.Debug|Any CPU.ActiveCfg = Debug|Any CPU
		{0748C50C-F238-4F5E-936C-895F459FAD0A}.Debug|Any CPU.Build.0 = Debug|Any CPU
		{0748C50C-F238-4F5E-936C-895F459FAD0A}.Release|Any CPU.ActiveCfg = Release|Any CPU
		{0748C50C-F238-4F5E-936C-895F459FAD0A}.Release|Any CPU.Build.0 = Release|Any CPU
	EndGlobalSection
	GlobalSection(SolutionProperties) = preSolution
		HideSolutionNode = FALSE
	EndGlobalSection
	GlobalSection(ExtensibilityGlobals) = postSolution
		SolutionGuid = {698484BB-BA28-44FE-AEB6-6A248FE0FC25}
	EndGlobalSection
EndGlobal
